<?xml version="1.0" encoding="utf-8"?>
<Project ToolsVersion="4.0" xmlns="http://schemas.microsoft.com/developer/msbuild/2003">
  <ItemGroup>
    <Filter Include="Source Files">
      <UniqueIdentifier>{4FC737F1-C7A5-4376-A066-2A32D752A2FF}</UniqueIdentifier>
      <Extensions>cpp;c;cc;cxx;c++;cppm;ixx;def;odl;idl;hpj;bat;asm;asmx</Extensions>
    </Filter>
    <Filter Include="Header Files">
      <UniqueIdentifier>{93995380-89BD-4b04-88EB-625FBE52EBFB}</UniqueIdentifier>
      <Extensions>h;hh;hpp;hxx;h++;hm;inl;inc;ipp;xsd</Extensions>
    </Filter>
    <Filter Include="Resource Files">
      <UniqueIdentifier>{67DA6AB6-F800-4c08-8B7A-83BB121AAD01}</UniqueIdentifier>
      <Extensions>rc;ico;cur;bmp;dlg;rc2;rct;bin;rgs;gif;jpg;jpeg;jpe;resx;tiff;tif;png;wav;mfcribbon-ms</Extensions>
    </Filter>
  </ItemGroup>
  <ItemGroup>
    <ClInclude Include="Include\Jett Engine\FPSCounter.h">
      <Filter>Header Files</Filter>
    </ClInclude>
    <ClInclude Include="Include\Jett Engine\GameEngineFactory.h">
      <Filter>Header Files</Filter>
    </ClInclude>
    <ClInclude Include="Include\Jett Engine\GameEngine.h">
      <Filter>Header Files</Filter>
    </ClInclude>
    <ClInclude Include="Include\Jett Engine\GameEngineInitHelper.h">
      <Filter>Header Files</Filter>
    </ClInclude>
    <ClInclude Include="Include\Jett Engine\JettEngineProjectFunctions.h">
      <Filter>Header Files</Filter>
    </ClInclude>
    <ClInclude Include="Include\Jett Engine\FpsCameraController.h">
      <Filter>Header Files</Filter>
    </ClInclude>
    <ClInclude Include="Include\Jett Engine\GlobalLerpProcessor.h">
      <Filter>Header Files</Filter>
    </ClInclude>
    <ClInclude Include="Include\Jett Engine\LerpPackage.h">
      <Filter>Header Files</Filter>
    </ClInclude>
    <ClInclude Include="Include\Jett Engine\LerpPackageProcessor.h">
      <Filter>Header Files</Filter>
    </ClInclude>
    <ClInclude Include="Include\Jett Engine\Vector3LerpPackage.h">
      <Filter>Header Files</Filter>
    </ClInclude>
    <ClInclude Include="Include\Jett Engine\GameObject.h">
      <Filter>Header Files</Filter>
    </ClInclude>
    <ClInclude Include="Include\Jett Engine\GameComponent.h">
      <Filter>Header Files</Filter>
    </ClInclude>
    <ClInclude Include="Include\Jett Engine\lvlFileFormatter.h">
      <Filter>Header Files</Filter>
    </ClInclude>
    <ClInclude Include="Include\Jett Engine\VisualMesh.h">
      <Filter>Header Files</Filter>
    </ClInclude>
    <ClInclude Include="Include\Jett Engine\LvlFileReader.h">
      <Filter>Header Files</Filter>
    </ClInclude>
    <ClInclude Include="Include\Jett Engine\UsefulStructs.h">
      <Filter>Header Files</Filter>
    </ClInclude>
    <ClInclude Include="Include\Jett Engine\SkysphereComponent.h">
      <Filter>Header Files</Filter>
    </ClInclude>
    <ClInclude Include="Include\Jett Engine\InstancedVisualMesh.h">
      <Filter>Header Files</Filter>
    </ClInclude>
    <ClInclude Include="Include\Jett Engine\OceanVisualMesh.h">
      <Filter>Header Files</Filter>
    </ClInclude>
    <ClInclude Include="Include\Jett Engine\Time.h">
      <Filter>Header Files</Filter>
    </ClInclude>
    <ClInclude Include="ObjectPicker.h">
      <Filter>Header Files</Filter>
    </ClInclude>
    <ClInclude Include="InputEventsCallbackBinds.h">
      <Filter>Header Files</Filter>
    </ClInclude>
    <ClInclude Include="Ray.h">
      <Filter>Header Files</Filter>
    </ClInclude>
    <ClInclude Include="ObjectDeleter.h">
      <Filter>Header Files</Filter>
    </ClInclude>
    <ClInclude Include="ContentDrawer.h">
      <Filter>Header Files</Filter>
    </ClInclude>
    <ClInclude Include="FloatlerpPackage.h">
      <Filter>Header Files</Filter>
    </ClInclude>
    <ClInclude Include="ParticleEmmitter.h">
      <Filter>Header Files</Filter>
    </ClInclude>
  </ItemGroup>
  <ItemGroup>
    <ClCompile Include="Source\GameEngine.cpp">
      <Filter>Source Files</Filter>
    </ClCompile>
    <ClCompile Include="Source\GameEngineInitHelper.cpp">
      <Filter>Source Files</Filter>
    </ClCompile>
    <ClCompile Include="Source\JettEngineProjectFunctions.cpp">
      <Filter>Source Files</Filter>
    </ClCompile>
    <ClCompile Include="Source\FPSCounter.cpp">
      <Filter>Source Files</Filter>
    </ClCompile>
    <ClCompile Include="Source\GameEngineFactory.cpp">
      <Filter>Source Files</Filter>
    </ClCompile>
    <ClCompile Include="Source\FpsCameraController.cpp">
      <Filter>Source Files</Filter>
    </ClCompile>
    <ClCompile Include="Source\GlobalLerpProcessor.cpp">
      <Filter>Source Files</Filter>
    </ClCompile>
    <ClCompile Include="Source\LerpPackage.cpp">
      <Filter>Source Files</Filter>
    </ClCompile>
    <ClCompile Include="Source\LerpPackageProcessor.cpp">
      <Filter>Source Files</Filter>
    </ClCompile>
    <ClCompile Include="Source\Vector3LerpPackage.cpp">
      <Filter>Source Files</Filter>
    </ClCompile>
    <ClCompile Include="Source\GameObject.cpp">
      <Filter>Source Files</Filter>
    </ClCompile>
    <ClCompile Include="Source\GameComponent.cpp">
      <Filter>Source Files</Filter>
    </ClCompile>
    <ClCompile Include="Source\VisualMesh.cpp">
      <Filter>Source Files</Filter>
    </ClCompile>
    <ClCompile Include="Source\lvlFileFormatter.cpp">
      <Filter>Source Files</Filter>
    </ClCompile>
    <ClCompile Include="Source\LvlFileReader.cpp">
      <Filter>Source Files</Filter>
    </ClCompile>
    <ClCompile Include="Source\UsefulStructs.cpp">
      <Filter>Source Files</Filter>
    </ClCompile>
    <ClCompile Include="Source\SkysphereComponent.cpp">
      <Filter>Source Files</Filter>
    </ClCompile>
    <ClCompile Include="Source\InstancedVisualMesh.cpp">
      <Filter>Source Files</Filter>
    </ClCompile>
    <ClCompile Include="Source\OceanVisualMesh.cpp">
      <Filter>Source Files</Filter>
    </ClCompile>
    <ClCompile Include="Source\Time.cpp">
      <Filter>Source Files</Filter>
    </ClCompile>
    <ClCompile Include="ObjectPicker.cpp">
      <Filter>Source Files</Filter>
    </ClCompile>
    <ClCompile Include="InputEventsCallbackBinds.cpp">
      <Filter>Source Files</Filter>
    </ClCompile>
    <ClCompile Include="Ray.cpp">
      <Filter>Source Files</Filter>
    </ClCompile>
    <ClCompile Include="ObjectDeleter.cpp">
      <Filter>Source Files</Filter>
    </ClCompile>
    <ClCompile Include="ContentDrawer.cpp">
      <Filter>Source Files</Filter>
    </ClCompile>
    <ClCompile Include="FloatlerpPackage.cpp">
      <Filter>Source Files</Filter>
    </ClCompile>
    <ClCompile Include="ParticleEmmitter.cpp">
      <Filter>Source Files</Filter>
    </ClCompile>
  </ItemGroup>
</Project>